
Microsoft Visual Studio Solution File, Format Version 12.00
# Visual Studio 14
VisualStudioVersion = 14.0.25420.1
MinimumVisualStudioVersion = 10.0.40219.1
Project("{FAE04EC0-301F-11D3-BF4B-00C04F79EFBC}") = "Bunny.Repository", "Bunny.Repository\Bunny.Repository.csproj", "{D17B7562-736B-41DF-AD2C-31DC62789216}"
EndProject
Project("{FAE04EC0-301F-11D3-BF4B-00C04F79EFBC}") = "Bunny.Common", "Bunny.Common\Bunny.Common.csproj", "{EF8EA07E-F135-480B-A989-C88DD7233C2F}"
EndProject
Project("{FAE04EC0-301F-11D3-BF4B-00C04F79EFBC}") = "Bunny.Tests", "Bunny.Tests\Bunny.Tests.csproj", "{AA850365-CFE7-4573-8381-8A1D2398651B}"
EndProject
Global
	GlobalSection(SolutionConfigurationPlatforms) = preSolution
		Debug|Any CPU = Debug|Any CPU
		Release|Any CPU = Release|Any CPU
	EndGlobalSection
	GlobalSection(ProjectConfigurationPlatforms) = postSolution
		{D17B7562-736B-41DF-AD2C-31DC62789216}.Debug|Any CPU.ActiveCfg = Debug|Any CPU
		{D17B7562-736B-41DF-AD2C-31DC62789216}.Debug|Any CPU.Build.0 = Debug|Any CPU
		{D17B7562-736B-41DF-AD2C-31DC62789216}.Release|Any CPU.ActiveCfg = Release|Any CPU
		{D17B7562-736B-41DF-AD2C-31DC62789216}.Release|Any CPU.Build.0 = Release|Any CPU
		{EF8EA07E-F135-480B-A989-C88DD7233C2F}.Debug|Any CPU.ActiveCfg = Debug|Any CPU
		{EF8EA07E-F135-480B-A989-C88DD7233C2F}.Debug|Any CPU.Build.0 = Debug|Any CPU
		{EF8EA07E-F135-480B-A989-C88DD7233C2F}.Release|Any CPU.ActiveCfg = Release|Any CPU
		{EF8EA07E-F135-480B-A989-C88DD7233C2F}.Release|Any CPU.Build.0 = Release|Any CPU
		{AA850365-CFE7-4573-8381-8A1D2398651B}.Debug|Any CPU.ActiveCfg = Debug|Any CPU
		{AA850365-CFE7-4573-8381-8A1D2398651B}.Debug|Any CPU.Build.0 = Debug|Any CPU
		{AA850365-CFE7-4573-8381-8A1D2398651B}.Release|Any CPU.ActiveCfg = Release|Any CPU
		{AA850365-CFE7-4573-8381-8A1D2398651B}.Release|Any CPU.Build.0 = Release|Any CPU
	EndGlobalSection
	GlobalSection(SolutionProperties) = preSolution
		HideSolutionNode = FALSE
	EndGlobalSection
EndGlobal
